
Microsoft Visual Studio Solution File, Format Version 12.00
# Visual Studio Version 17
VisualStudioVersion = 17.4.33122.133
MinimumVisualStudioVersion = 10.0.40219.1
Project("{FAE04EC0-301F-11D3-BF4B-00C04F79EFBC}") = "Palindrom", "Palindrom\Palindrom.csproj", "{F8E7F501-F3DA-42E4-B439-46A17143AF0D}"
EndProject
Global
	GlobalSection(SolutionConfigurationPlatforms) = preSolution
		Debug|Any CPU = Debug|Any CPU
		Release|Any CPU = Release|Any CPU
	EndGlobalSection
	GlobalSection(ProjectConfigurationPlatforms) = postSolution
		{F8E7F501-F3DA-42E4-B439-46A17143AF0D}.Debug|Any CPU.ActiveCfg = Debug|Any CPU
		{F8E7F501-F3DA-42E4-B439-46A17143AF0D}.Debug|Any CPU.Build.0 = Debug|Any CPU
		{F8E7F501-F3DA-42E4-B439-46A17143AF0D}.Release|Any CPU.ActiveCfg = Release|Any CPU
		{F8E7F501-F3DA-42E4-B439-46A17143AF0D}.Release|Any CPU.Build.0 = Release|Any CPU
	EndGlobalSection
	GlobalSection(SolutionProperties) = preSolution
		HideSolutionNode = FALSE
	EndGlobalSection
	GlobalSection(ExtensibilityGlobals) = postSolution
		SolutionGuid = {66D7BBCD-740E-425A-B8A5-80A18DC6C8F3}
	EndGlobalSection
EndGlobal
